version = 1
revision = 3
requires-python = ">=3.14"

[[package]]
name = "cfgv"
version = "3.4.0"
source = { registry = "https://pypi.org/simple" }
sdist = { url = "https://files.pythonhosted.org/packages/11/74/539e56497d9bd1d484fd863dd69cbbfa653cd2aa27abfe35653494d85e94/cfgv-3.4.0.tar.gz", hash = "sha256:e52591d4c5f5dead8e0f673fb16db7949d2cfb3f7da4582893288f0ded8fe560", size = 7114, upload-time = "2023-08-12T20:38:17.776Z" }
wheels = [
    { url = "https://files.pythonhosted.org/packages/c5/55/51844dd50c4fc7a33b653bfaba4c2456f06955289ca770a5dbd5fd267374/cfgv-3.4.0-py2.py3-none-any.whl", hash = "sha256:b7265b1f29fd3316bfcd2b330d63d024f2bfd8bcb8b0272f8e19a504856c48f9", size = 7249, upload-time = "2023-08-12T20:38:16.269Z" },
]

[[package]]
name = "colorama"
version = "0.4.6"
source = { registry = "https://pypi.org/simple" }
sdist = { url = "https://files.pythonhosted.org/packages/d8/53/6f443c9a4a8358a93a6792e2acffb9d9d5cb0a5cfd8802644b7b1c9a02e4/colorama-0.4.6.tar.gz", hash = "sha256:08695f5cb7ed6e0531a20572697297273c47b8cae5a63ffc6d6ed5c201be6e44", size = 27697, upload-time = "2022-10-25T02:36:22.414Z" }
wheels = [
    { url = "https://files.pythonhosted.org/packages/d1/d6/3965ed04c63042e047cb6a3e6ed1a63a35087b6a609aa3a15ed8ac56c221/colorama-0.4.6-py2.py3-none-any.whl", hash = "sha256:4f1d9991f5acc0ca119f9d443620b77f9d6b33703e51011c16baf57afb285fc6", size = 25335, upload-time = "2022-10-25T02:36:20.889Z" },
]

[[package]]
name = "coverage"
version = "7.13.4"
source = { registry = "https://pypi.org/simple" }
sdist = { url = "https://files.pythonhosted.org/packages/24/56/95b7e30fa389756cb56630faa728da46a27b8c6eb46f9d557c68fff12b65/coverage-7.13.4.tar.gz", hash = "sha256:e5c8f6ed1e61a8b2dcdf31eb0b9bbf0130750ca79c1c49eb898e2ad86f5ccc91", size = 827239, upload-time = "2026-02-09T12:59:03.86Z" }
wheels = [
    { url = "https://files.pythonhosted.org/packages/92/11/a9cf762bb83386467737d32187756a42094927150c3e107df4cb078e8590/coverage-7.13.4-cp314-cp314-macosx_10_15_x86_64.whl", hash = "sha256:300deaee342f90696ed186e3a00c71b5b3d27bffe9e827677954f4ee56969601", size = 219522, upload-time = "2026-02-09T12:58:08.623Z" },
    { url = "https://files.pythonhosted.org/packages/d3/28/56e6d892b7b052236d67c95f1936b6a7cf7c3e2634bf27610b8cbd7f9c60/coverage-7.13.4-cp314-cp314-macosx_11_0_arm64.whl", hash = "sha256:29e3220258d682b6226a9b0925bc563ed9a1ebcff3cad30f043eceea7eaf2689", size = 219855, upload-time = "2026-02-09T12:58:10.176Z" },
    { url = "https://files.pythonhosted.org/packages/e5/69/233459ee9eb0c0d10fcc2fe425a029b3fa5ce0f040c966ebce851d030c70/coverage-7.13.4-cp314-cp314-manylinux1_i686.manylinux_2_28_i686.manylinux_2_5_i686.whl", hash = "sha256:391ee8f19bef69210978363ca930f7328081c6a0152f1166c91f0b5fdd2a773c", size = 250887, upload-time = "2026-02-09T12:58:12.503Z" },
    { url = "https://files.pythonhosted.org/packages/06/90/2cdab0974b9b5bbc1623f7876b73603aecac11b8d95b85b5b86b32de5eab/coverage-7.13.4-cp314-cp314-manylinux1_x86_64.manylinux_2_28_x86_64.manylinux_2_5_x86_64.whl", hash = "sha256:0dd7ab8278f0d58a0128ba2fca25824321f05d059c1441800e934ff2efa52129", size = 253396, upload-time = "2026-02-09T12:58:14.615Z" },
    { url = "https://files.pythonhosted.org/packages/ac/15/ea4da0f85bf7d7b27635039e649e99deb8173fe551096ea15017f7053537/coverage-7.13.4-cp314-cp314-manylinux2014_aarch64.manylinux_2_17_aarch64.manylinux_2_28_aarch64.whl", hash = "sha256:78cdf0d578b15148b009ccf18c686aa4f719d887e76e6b40c38ffb61d264a552", size = 254745, upload-time = "2026-02-09T12:58:16.162Z" },
    { url = "https://files.pythonhosted.org/packages/99/11/bb356e86920c655ca4d61daee4e2bbc7258f0a37de0be32d233b561134ff/coverage-7.13.4-cp314-cp314-manylinux2014_ppc64le.manylinux_2_17_ppc64le.manylinux_2_28_ppc64le.whl", hash = "sha256:48685fee12c2eb3b27c62f2658e7ea21e9c3239cba5a8a242801a0a3f6a8c62a", size = 257055, upload-time = "2026-02-09T12:58:17.892Z" },
    { url = "https://files.pythonhosted.org/packages/c9/0f/9ae1f8cb17029e09da06ca4e28c9e1d5c1c0a511c7074592e37e0836c915/coverage-7.13.4-cp314-cp314-manylinux_2_31_riscv64.manylinux_2_39_riscv64.whl", hash = "sha256:4e83efc079eb39480e6346a15a1bcb3e9b04759c5202d157e1dd4303cd619356", size = 250911, upload-time = "2026-02-09T12:58:19.495Z" },
    { url = "https://files.pythonhosted.org/packages/89/3a/adfb68558fa815cbc29747b553bc833d2150228f251b127f1ce97e48547c/coverage-7.13.4-cp314-cp314-musllinux_1_2_aarch64.whl", hash = "sha256:ecae9737b72408d6a950f7e525f30aca12d4bd8dd95e37342e5beb3a2a8c4f71", size = 252754, upload-time = "2026-02-09T12:58:21.064Z" },
    { url = "https://files.pythonhosted.org/packages/32/b1/540d0c27c4e748bd3cd0bd001076ee416eda993c2bae47a73b7cc9357931/coverage-7.13.4-cp314-cp314-musllinux_1_2_i686.whl", hash = "sha256:ae4578f8528569d3cf303fef2ea569c7f4c4059a38c8667ccef15c6e1f118aa5", size = 250720, upload-time = "2026-02-09T12:58:22.622Z" },
    { url = "https://files.pythonhosted.org/packages/c7/95/383609462b3ffb1fe133014a7c84fc0dd01ed55ac6140fa1093b5af7ebb1/coverage-7.13.4-cp314-cp314-musllinux_1_2_ppc64le.whl", hash = "sha256:6fdef321fdfbb30a197efa02d48fcd9981f0d8ad2ae8903ac318adc653f5df98", size = 254994, upload-time = "2026-02-09T12:58:24.548Z" },
    { url = "https://files.pythonhosted.org/packages/f7/ba/1761138e86c81680bfc3c49579d66312865457f9fe405b033184e5793cb3/coverage-7.13.4-cp314-cp314-musllinux_1_2_riscv64.whl", hash = "sha256:2b0f6ccf3dbe577170bebfce1318707d0e8c3650003cb4b3a9dd744575daa8b5", size = 250531, upload-time = "2026-02-09T12:58:26.271Z" },
    { url = "https://files.pythonhosted.org/packages/f8/8e/05900df797a9c11837ab59c4d6fe94094e029582aab75c3309a93e6fb4e3/coverage-7.13.4-cp314-cp314-musllinux_1_2_x86_64.whl", hash = "sha256:75fcd519f2a5765db3f0e391eb3b7d150cce1a771bf4c9f861aeab86c767a3c0", size = 252189, upload-time = "2026-02-09T12:58:27.807Z" },
    { url = "https://files.pythonhosted.org/packages/00/bd/29c9f2db9ea4ed2738b8a9508c35626eb205d51af4ab7bf56a21a2e49926/coverage-7.13.4-cp314-cp314-win32.whl", hash = "sha256:8e798c266c378da2bd819b0677df41ab46d78065fb2a399558f3f6cae78b2fbb", size = 222258, upload-time = "2026-02-09T12:58:29.441Z" },
    { url = "https://files.pythonhosted.org/packages/a7/4d/1f8e723f6829977410efeb88f73673d794075091c8c7c18848d273dc9d73/coverage-7.13.4-cp314-cp314-win_amd64.whl", hash = "sha256:245e37f664d89861cf2329c9afa2c1fe9e6d4e1a09d872c947e70718aeeac505", size = 223073, upload-time = "2026-02-09T12:58:31.026Z" },
    { url = "https://files.pythonhosted.org/packages/51/5b/84100025be913b44e082ea32abcf1afbf4e872f5120b7a1cab1d331b1e13/coverage-7.13.4-cp314-cp314-win_arm64.whl", hash = "sha256:ad27098a189e5838900ce4c2a99f2fe42a0bf0c2093c17c69b45a71579e8d4a2", size = 221638, upload-time = "2026-02-09T12:58:32.599Z" },
    { url = "https://files.pythonhosted.org/packages/a7/e4/c884a405d6ead1370433dad1e3720216b4f9fd8ef5b64bfd984a2a60a11a/coverage-7.13.4-cp314-cp314t-macosx_10_15_x86_64.whl", hash = "sha256:85480adfb35ffc32d40918aad81b89c69c9cc5661a9b8a81476d3e645321a056", size = 220246, upload-time = "2026-02-09T12:58:34.181Z" },
    { url = "https://files.pythonhosted.org/packages/81/5c/4d7ed8b23b233b0fffbc9dfec53c232be2e695468523242ea9fd30f97ad2/coverage-7.13.4-cp314-cp314t-macosx_11_0_arm64.whl", hash = "sha256:79be69cf7f3bf9b0deeeb062eab7ac7f36cd4cc4c4dd694bd28921ba4d8596cc", size = 220514, upload-time = "2026-02-09T12:58:35.704Z" },
    { url = "https://files.pythonhosted.org/packages/2f/6f/3284d4203fd2f28edd73034968398cd2d4cb04ab192abc8cff007ea35679/coverage-7.13.4-cp314-cp314t-manylinux1_i686.manylinux_2_28_i686.manylinux_2_5_i686.whl", hash = "sha256:caa421e2684e382c5d8973ac55e4f36bed6821a9bad5c953494de960c74595c9", size = 261877, upload-time = "2026-02-09T12:58:37.864Z" },
    { url = "https://files.pythonhosted.org/packages/09/aa/b672a647bbe1556a85337dc95bfd40d146e9965ead9cc2fe81bde1e5cbce/coverage-7.13.4-cp314-cp314t-manylinux1_x86_64.manylinux_2_28_x86_64.manylinux_2_5_x86_64.whl", hash = "sha256:14375934243ee05f56c45393fe2ce81fe5cc503c07cee2bdf1725fb8bef3ffaf", size = 264004, upload-time = "2026-02-09T12:58:39.492Z" },
    { url = "https://files.pythonhosted.org/packages/79/a1/aa384dbe9181f98bba87dd23dda436f0c6cf2e148aecbb4e50fc51c1a656/coverage-7.13.4-cp314-cp314t-manylinux2014_aarch64.manylinux_2_17_aarch64.manylinux_2_28_aarch64.whl", hash = "sha256:25a41c3104d08edb094d9db0d905ca54d0cd41c928bb6be3c4c799a54753af55", size = 266408, upload-time = "2026-02-09T12:58:41.852Z" },
    { url = "https://files.pythonhosted.org/packages/53/5e/5150bf17b4019bc600799f376bb9606941e55bd5a775dc1e096b6ffea952/coverage-7.13.4-cp314-cp314t-manylinux2014_ppc64le.manylinux_2_17_ppc64le.manylinux_2_28_ppc64le.whl", hash = "sha256:6f01afcff62bf9a08fb32b2c1d6e924236c0383c02c790732b6537269e466a72", size = 267544, upload-time = "2026-02-09T12:58:44.093Z" },
    { url = "https://files.pythonhosted.org/packages/e0/ed/f1de5c675987a4a7a672250d2c5c9d73d289dbf13410f00ed7181d8017dd/coverage-7.13.4-cp314-cp314t-manylinux_2_31_riscv64.manylinux_2_39_riscv64.whl", hash = "sha256:eb9078108fbf0bcdde37c3f4779303673c2fa1fe8f7956e68d447d0dd426d38a", size = 260980, upload-time = "2026-02-09T12:58:45.721Z" },
    { url = "https://files.pythonhosted.org/packages/b3/e3/fe758d01850aa172419a6743fe76ba8b92c29d181d4f676ffe2dae2ba631/coverage-7.13.4-cp314-cp314t-musllinux_1_2_aarch64.whl", hash = "sha256:0e086334e8537ddd17e5f16a344777c1ab8194986ec533711cbe6c41cde841b6", size = 263871, upload-time = "2026-02-09T12:58:47.334Z" },
    { url = "https://files.pythonhosted.org/packages/b6/76/b829869d464115e22499541def9796b25312b8cf235d3bb00b39f1675395/coverage-7.13.4-cp314-cp314t-musllinux_1_2_i686.whl", hash = "sha256:725d985c5ab621268b2edb8e50dfe57633dc69bda071abc470fed55a14935fd3", size = 261472, upload-time = "2026-02-09T12:58:48.995Z" },
    { url = "https://files.pythonhosted.org/packages/14/9e/caedb1679e73e2f6ad240173f55218488bfe043e38da577c4ec977489915/coverage-7.13.4-cp314-cp314t-musllinux_1_2_ppc64le.whl", hash = "sha256:3c06f0f1337c667b971ca2f975523347e63ec5e500b9aa5882d91931cd3ef750", size = 265210, upload-time = "2026-02-09T12:58:51.178Z" },
    { url = "https://files.pythonhosted.org/packages/3a/10/0dd02cb009b16ede425b49ec344aba13a6ae1dc39600840ea6abcb085ac4/coverage-7.13.4-cp314-cp314t-musllinux_1_2_riscv64.whl", hash = "sha256:590c0ed4bf8e85f745e6b805b2e1c457b2e33d5255dd9729743165253bc9ad39", size = 260319, upload-time = "2026-02-09T12:58:53.081Z" },
    { url = "https://files.pythonhosted.org/packages/92/8e/234d2c927af27c6d7a5ffad5bd2cf31634c46a477b4c7adfbfa66baf7ebb/coverage-7.13.4-cp314-cp314t-musllinux_1_2_x86_64.whl", hash = "sha256:eb30bf180de3f632cd043322dad5751390e5385108b2807368997d1a92a509d0", size = 262638, upload-time = "2026-02-09T12:58:55.258Z" },
    { url = "https://files.pythonhosted.org/packages/2f/64/e5547c8ff6964e5965c35a480855911b61509cce544f4d442caa759a0702/coverage-7.13.4-cp314-cp314t-win32.whl", hash = "sha256:c4240e7eded42d131a2d2c4dec70374b781b043ddc79a9de4d55ca71f8e98aea", size = 223040, upload-time = "2026-02-09T12:58:56.936Z" },
    { url = "https://files.pythonhosted.org/packages/c7/96/38086d58a181aac86d503dfa9c47eb20715a79c3e3acbdf786e92e5c09a8/coverage-7.13.4-cp314-cp314t-win_amd64.whl", hash = "sha256:4c7d3cc01e7350f2f0f6f7036caaf5673fb56b6998889ccfe9e1c1fe75a9c932", size = 224148, upload-time = "2026-02-09T12:58:58.645Z" },
    { url = "https://files.pythonhosted.org/packages/ce/72/8d10abd3740a0beb98c305e0c3faf454366221c0f37a8bcf8f60020bb65a/coverage-7.13.4-cp314-cp314t-win_arm64.whl", hash = "sha256:23e3f687cf945070d1c90f85db66d11e3025665d8dafa831301a0e0038f3db9b", size = 222172, upload-time = "2026-02-09T12:59:00.396Z" },
    { url = "https://files.pythonhosted.org/packages/0d/4a/331fe2caf6799d591109bb9c08083080f6de90a823695d412a935622abb2/coverage-7.13.4-py3-none-any.whl", hash = "sha256:1af1641e57cf7ba1bd67d677c9abdbcd6cc2ab7da3bca7fa1e2b7e50e65f2ad0", size = 211242, upload-time = "2026-02-09T12:59:02.032Z" },
]

[[package]]
name = "distlib"
version = "0.3.9"
source = { registry = "https://pypi.org/simple" }
sdist = { url = "https://files.pythonhosted.org/packages/0d/dd/1bec4c5ddb504ca60fc29472f3d27e8d4da1257a854e1d96742f15c1d02d/distlib-0.3.9.tar.gz", hash = "sha256:a60f20dea646b8a33f3e7772f74dc0b2d0772d2837ee1342a00645c81edf9403", size = 613923, upload-time = "2024-10-09T18:35:47.551Z" }
wheels = [
    { url = "https://files.pythonhosted.org/packages/91/a1/cf2472db20f7ce4a6be1253a81cfdf85ad9c7885ffbed7047fb72c24cf87/distlib-0.3.9-py2.py3-none-any.whl", hash = "sha256:47f8c22fd27c27e25a65601af709b38e4f0a45ea4fc2e710f65755fa8caaaf87", size = 468973, upload-time = "2024-10-09T18:35:44.272Z" },
]

[[package]]
name = "filelock"
version = "3.18.0"
source = { registry = "https://pypi.org/simple" }
sdist = { url = "https://files.pythonhosted.org/packages/0a/10/c23352565a6544bdc5353e0b15fc1c563352101f30e24bf500207a54df9a/filelock-3.18.0.tar.gz", hash = "sha256:adbc88eabb99d2fec8c9c1b229b171f18afa655400173ddc653d5d01501fb9f2", size = 18075, upload-time = "2025-03-14T07:11:40.47Z" }
wheels = [
    { url = "https://files.pythonhosted.org/packages/4d/36/2a115987e2d8c300a974597416d9de88f2444426de9571f4b59b2cca3acc/filelock-3.18.0-py3-none-any.whl", hash = "sha256:c401f4f8377c4464e6db25fff06205fd89bdd83b65eb0488ed1b160f780e21de", size = 16215, upload-time = "2025-03-14T07:11:39.145Z" },
]

[[package]]
name = "identify"
version = "2.6.10"
source = { registry = "https://pypi.org/simple" }
sdist = { url = "https://files.pythonhosted.org/packages/0c/83/b6ea0334e2e7327084a46aaaf71f2146fc061a192d6518c0d020120cd0aa/identify-2.6.10.tar.gz", hash = "sha256:45e92fd704f3da71cc3880036633f48b4b7265fd4de2b57627cb157216eb7eb8", size = 99201, upload-time = "2025-04-19T15:10:38.32Z" }
wheels = [
    { url = "https://files.pythonhosted.org/packages/2b/d3/85feeba1d097b81a44bcffa6a0beab7b4dfffe78e82fc54978d3ac380736/identify-2.6.10-py2.py3-none-any.whl", hash = "sha256:5f34248f54136beed1a7ba6a6b5c4b6cf21ff495aac7c359e1ef831ae3b8ab25", size = 99101, upload-time = "2025-04-19T15:10:36.701Z" },
]

[[package]]
name = "iniconfig"
version = "2.1.0"
source = { registry = "https://pypi.org/simple" }
sdist = { url = "https://files.pythonhosted.org/packages/f2/97/ebf4da567aa6827c909642694d71c9fcf53e5b504f2d96afea02718862f3/iniconfig-2.1.0.tar.gz", hash = "sha256:3abbd2e30b36733fee78f9c7f7308f2d0050e88f0087fd25c2645f63c773e1c7", size = 4793, upload-time = "2025-03-19T20:09:59.721Z" }
wheels = [
    { url = "https://files.pythonhosted.org/packages/2c/e1/e6716421ea10d38022b952c159d5161ca1193197fb744506875fbb87ea7b/iniconfig-2.1.0-py3-none-any.whl", hash = "sha256:9deba5723312380e77435581c6bf4935c94cbfab9b1ed33ef8d238ea168eb760", size = 6050, upload-time = "2025-03-19T20:10:01.071Z" },
]

[[package]]
name = "nodeenv"
version = "1.9.1"
source = { registry = "https://pypi.org/simple" }
sdist = { url = "https://files.pythonhosted.org/packages/43/16/fc88b08840de0e0a72a2f9d8c6bae36be573e475a6326ae854bcc549fc45/nodeenv-1.9.1.tar.gz", hash = "sha256:6ec12890a2dab7946721edbfbcd91f3319c6ccc9aec47be7c7e6b7011ee6645f", size = 47437, upload-time = "2024-06-04T18:44:11.171Z" }
wheels = [
    { url = "https://files.pythonhosted.org/packages/d2/1d/1b658dbd2b9fa9c4c9f32accbfc0205d532c8c6194dc0f2a4c0428e7128a/nodeenv-1.9.1-py2.py3-none-any.whl", hash = "sha256:ba11c9782d29c27c70ffbdda2d7415098754709be8a7056d79a737cd901155c9", size = 22314, upload-time = "2024-06-04T18:44:08.352Z" },
]

[[package]]
name = "packaging"
version = "25.0"
source = { registry = "https://pypi.org/simple" }
sdist = { url = "https://files.pythonhosted.org/packages/a1/d4/1fc4078c65507b51b96ca8f8c3ba19e6a61c8253c72794544580a7b6c24d/packaging-25.0.tar.gz", hash = "sha256:d443872c98d677bf60f6a1f2f8c1cb748e8fe762d2bf9d3148b5599295b0fc4f", size = 165727, upload-time = "2025-04-19T11:48:59.673Z" }
wheels = [
    { url = "https://files.pythonhosted.org/packages/20/12/38679034af332785aac8774540895e234f4d07f7545804097de4b666afd8/packaging-25.0-py3-none-any.whl", hash = "sha256:29572ef2b1f17581046b3a2227d5c611fb25ec70ca1ba8554b24b0e69331a484", size = 66469, upload-time = "2025-04-19T11:48:57.875Z" },
]

[[package]]
name = "platformdirs"
version = "4.3.7"
source = { registry = "https://pypi.org/simple" }
sdist = { url = "https://files.pythonhosted.org/packages/b6/2d/7d512a3913d60623e7eb945c6d1b4f0bddf1d0b7ada5225274c87e5b53d1/platformdirs-4.3.7.tar.gz", hash = "sha256:eb437d586b6a0986388f0d6f74aa0cde27b48d0e3d66843640bfb6bdcdb6e351", size = 21291, upload-time = "2025-03-19T20:36:10.989Z" }
wheels = [
    { url = "https://files.pythonhosted.org/packages/6d/45/59578566b3275b8fd9157885918fcd0c4d74162928a5310926887b856a51/platformdirs-4.3.7-py3-none-any.whl", hash = "sha256:a03875334331946f13c549dbd8f4bac7a13a50a895a0eb1e8c6a8ace80d40a94", size = 18499, upload-time = "2025-03-19T20:36:09.038Z" },
]

[[package]]
name = "pluggy"
version = "1.5.0"
source = { registry = "https://pypi.org/simple" }
sdist = { url = "https://files.pythonhosted.org/packages/96/2d/02d4312c973c6050a18b314a5ad0b3210edb65a906f868e31c111dede4a6/pluggy-1.5.0.tar.gz", hash = "sha256:2cffa88e94fdc978c4c574f15f9e59b7f4201d439195c3715ca9e2486f1d0cf1", size = 67955, upload-time = "2024-04-20T21:34:42.531Z" }
wheels = [
    { url = "https://files.pythonhosted.org/packages/88/5f/e351af9a41f866ac3f1fac4ca0613908d9a41741cfcf2228f4ad853b697d/pluggy-1.5.0-py3-none-any.whl", hash = "sha256:44e1ad92c8ca002de6377e165f3e0f1be63266ab4d554740532335b9d75ea669", size = 20556, upload-time = "2024-04-20T21:34:40.434Z" },
]

[[package]]
name = "pre-commit"
version = "4.2.0"
source = { registry = "https://pypi.org/simple" }
dependencies = [
    { name = "cfgv" },
    { name = "identify" },
    { name = "nodeenv" },
    { name = "pyyaml" },
    { name = "virtualenv" },
]
sdist = { url = "https://files.pythonhosted.org/packages/08/39/679ca9b26c7bb2999ff122d50faa301e49af82ca9c066ec061cfbc0c6784/pre_commit-4.2.0.tar.gz", hash = "sha256:601283b9757afd87d40c4c4a9b2b5de9637a8ea02eaff7adc2d0fb4e04841146", size = 193424, upload-time = "2025-03-18T21:35:20.987Z" }
wheels = [
    { url = "https://files.pythonhosted.org/packages/88/74/a88bf1b1efeae488a0c0b7bdf71429c313722d1fc0f377537fbe554e6180/pre_commit-4.2.0-py2.py3-none-any.whl", hash = "sha256:a009ca7205f1eb497d10b845e52c838a98b6cdd2102a6c8e4540e94ee75c58bd", size = 220707, upload-time = "2025-03-18T21:35:19.343Z" },
]

[[package]]
name = "pytemp"
source = { virtual = "." }

[package.dev-dependencies]
dev = [
    { name = "pre-commit" },
    { name = "pytest" },
    { name = "pytest-cov" },
    { name = "ruff" },
]

[package.metadata]

[package.metadata.requires-dev]
dev = [
    { name = "pre-commit" },
    { name = "pytest" },
    { name = "pytest-cov" },
    { name = "ruff" },
]

[[package]]
name = "pytest"
version = "8.3.5"
source = { registry = "https://pypi.org/simple" }
dependencies = [
    { name = "colorama", marker = "sys_platform == 'win32'" },
    { name = "iniconfig" },
    { name = "packaging" },
    { name = "pluggy" },
]
sdist = { url = "https://files.pythonhosted.org/packages/ae/3c/c9d525a414d506893f0cd8a8d0de7706446213181570cdbd766691164e40/pytest-8.3.5.tar.gz", hash = "sha256:f4efe70cc14e511565ac476b57c279e12a855b11f48f212af1080ef2263d3845", size = 1450891, upload-time = "2025-03-02T12:54:54.503Z" }
wheels = [
    { url = "https://files.pythonhosted.org/packages/30/3d/64ad57c803f1fa1e963a7946b6e0fea4a70df53c1a7fed304586539c2bac/pytest-8.3.5-py3-none-any.whl", hash = "sha256:c69214aa47deac29fad6c2a4f590b9c4a9fdb16a403176fe154b79c0b4d4d820", size = 343634, upload-time = "2025-03-02T12:54:52.069Z" },
]

[[package]]
name = "pytest-cov"
version = "7.0.0"
source = { registry = "https://pypi.org/simple" }
dependencies = [
    { name = "coverage" },
    { name = "pluggy" },
    { name = "pytest" },
]
sdist = { url = "https://files.pythonhosted.org/packages/5e/f7/c933acc76f5208b3b00089573cf6a2bc26dc80a8aece8f52bb7d6b1855ca/pytest_cov-7.0.0.tar.gz", hash = "sha256:33c97eda2e049a0c5298e91f519302a1334c26ac65c1a483d6206fd458361af1", size = 54328, upload-time = "2025-09-09T10:57:02.113Z" }
wheels = [
    { url = "https://files.pythonhosted.org/packages/ee/49/1377b49de7d0c1ce41292161ea0f721913fa8722c19fb9c1e3aa0367eecb/pytest_cov-7.0.0-py3-none-any.whl", hash = "sha256:3b8e9558b16cc1479da72058bdecf8073661c7f57f7d3c5f22a1c23507f2d861", size = 22424, upload-time = "2025-09-09T10:57:00.695Z" },
]

[[package]]
name = "pyyaml"
version = "6.0.2"
source = { registry = "https://pypi.org/simple" }
sdist = { url = "https://files.pythonhosted.org/packages/54/ed/79a089b6be93607fa5cdaedf301d7dfb23af5f25c398d5ead2525b063e17/pyyaml-6.0.2.tar.gz", hash = "sha256:d584d9ec91ad65861cc08d42e834324ef890a082e591037abe114850ff7bbc3e", size = 130631, upload-time = "2024-08-06T20:33:50.674Z" }

[[package]]
name = "ruff"
version = "0.11.6"
source = { registry = "https://pypi.org/simple" }
sdist = { url = "https://files.pythonhosted.org/packages/d9/11/bcef6784c7e5d200b8a1f5c2ddf53e5da0efec37e6e5a44d163fb97e04ba/ruff-0.11.6.tar.gz", hash = "sha256:bec8bcc3ac228a45ccc811e45f7eb61b950dbf4cf31a67fa89352574b01c7d79", size = 4010053, upload-time = "2025-04-17T13:35:53.905Z" }
wheels = [
    { url = "https://files.pythonhosted.org/packages/6e/1f/8848b625100ebcc8740c8bac5b5dd8ba97dd4ee210970e98832092c1635b/ruff-0.11.6-py3-none-linux_armv6l.whl", hash = "sha256:d84dcbe74cf9356d1bdb4a78cf74fd47c740bf7bdeb7529068f69b08272239a1", size = 10248105, upload-time = "2025-04-17T13:35:14.758Z" },
    { url = "https://files.pythonhosted.org/packages/e0/47/c44036e70c6cc11e6ee24399c2a1e1f1e99be5152bd7dff0190e4b325b76/ruff-0.11.6-py3-none-macosx_10_12_x86_64.whl", hash = "sha256:9bc583628e1096148011a5d51ff3c836f51899e61112e03e5f2b1573a9b726de", size = 11001494, upload-time = "2025-04-17T13:35:18.444Z" },
    { url = "https://files.pythonhosted.org/packages/ed/5b/170444061650202d84d316e8f112de02d092bff71fafe060d3542f5bc5df/ruff-0.11.6-py3-none-macosx_11_0_arm64.whl", hash = "sha256:f2959049faeb5ba5e3b378709e9d1bf0cab06528b306b9dd6ebd2a312127964a", size = 10352151, upload-time = "2025-04-17T13:35:20.563Z" },
    { url = "https://files.pythonhosted.org/packages/ff/91/f02839fb3787c678e112c8865f2c3e87cfe1744dcc96ff9fc56cfb97dda2/ruff-0.11.6-py3-none-manylinux_2_17_aarch64.manylinux2014_aarch64.whl", hash = "sha256:63c5d4e30d9d0de7fedbfb3e9e20d134b73a30c1e74b596f40f0629d5c28a193", size = 10541951, upload-time = "2025-04-17T13:35:22.522Z" },
    { url = "https://files.pythonhosted.org/packages/9e/f3/c09933306096ff7a08abede3cc2534d6fcf5529ccd26504c16bf363989b5/ruff-0.11.6-py3-none-manylinux_2_17_armv7l.manylinux2014_armv7l.whl", hash = "sha256:26a4b9a4e1439f7d0a091c6763a100cef8fbdc10d68593df6f3cfa5abdd9246e", size = 10079195, upload-time = "2025-04-17T13:35:24.485Z" },
    { url = "https://files.pythonhosted.org/packages/e0/0d/a87f8933fccbc0d8c653cfbf44bedda69c9582ba09210a309c066794e2ee/ruff-0.11.6-py3-none-manylinux_2_17_i686.manylinux2014_i686.whl", hash = "sha256:b5edf270223dd622218256569636dc3e708c2cb989242262fe378609eccf1308", size = 11698918, upload-time = "2025-04-17T13:35:26.504Z" },
    { url = "https://files.pythonhosted.org/packages/52/7d/8eac0bd083ea8a0b55b7e4628428203441ca68cd55e0b67c135a4bc6e309/ruff-0.11.6-py3-none-manylinux_2_17_ppc64.manylinux2014_ppc64.whl", hash = "sha256:f55844e818206a9dd31ff27f91385afb538067e2dc0beb05f82c293ab84f7d55", size = 12319426, upload-time = "2025-04-17T13:35:28.452Z" },
    { url = "https://files.pythonhosted.org/packages/c2/dc/d0c17d875662d0c86fadcf4ca014ab2001f867621b793d5d7eef01b9dcce/ruff-0.11.6-py3-none-manylinux_2_17_ppc64le.manylinux2014_ppc64le.whl", hash = "sha256:1d8f782286c5ff562e4e00344f954b9320026d8e3fae2ba9e6948443fafd9ffc", size = 11791012, upload-time = "2025-04-17T13:35:30.455Z" },
    { url = "https://files.pythonhosted.org/packages/f9/f3/81a1aea17f1065449a72509fc7ccc3659cf93148b136ff2a8291c4bc3ef1/ruff-0.11.6-py3-none-manylinux_2_17_s390x.manylinux2014_s390x.whl", hash = "sha256:01c63ba219514271cee955cd0adc26a4083df1956d57847978383b0e50ffd7d2", size = 13949947, upload-time = "2025-04-17T13:35:33.133Z" },
    { url = "https://files.pythonhosted.org/packages/61/9f/a3e34de425a668284e7024ee6fd41f452f6fa9d817f1f3495b46e5e3a407/ruff-0.11.6-py3-none-manylinux_2_17_x86_64.manylinux2014_x86_64.whl", hash = "sha256:15adac20ef2ca296dd3d8e2bedc6202ea6de81c091a74661c3666e5c4c223ff6", size = 11471753, upload-time = "2025-04-17T13:35:35.416Z" },
    { url = "https://files.pythonhosted.org/packages/df/c5/4a57a86d12542c0f6e2744f262257b2aa5a3783098ec14e40f3e4b3a354a/ruff-0.11.6-py3-none-musllinux_1_2_aarch64.whl", hash = "sha256:4dd6b09e98144ad7aec026f5588e493c65057d1b387dd937d7787baa531d9bc2", size = 10417121, upload-time = "2025-04-17T13:35:38.224Z" },
    { url = "https://files.pythonhosted.org/packages/58/3f/a3b4346dff07ef5b862e2ba06d98fcbf71f66f04cf01d375e871382b5e4b/ruff-0.11.6-py3-none-musllinux_1_2_armv7l.whl", hash = "sha256:45b2e1d6c0eed89c248d024ea95074d0e09988d8e7b1dad8d3ab9a67017a5b03", size = 10073829, upload-time = "2025-04-17T13:35:40.255Z" },
    { url = "https://files.pythonhosted.org/packages/93/cc/7ed02e0b86a649216b845b3ac66ed55d8aa86f5898c5f1691797f408fcb9/ruff-0.11.6-py3-none-musllinux_1_2_i686.whl", hash = "sha256:bd40de4115b2ec4850302f1a1d8067f42e70b4990b68838ccb9ccd9f110c5e8b", size = 11076108, upload-time = "2025-04-17T13:35:42.559Z" },
    { url = "https://files.pythonhosted.org/packages/39/5e/5b09840fef0eff1a6fa1dea6296c07d09c17cb6fb94ed5593aa591b50460/ruff-0.11.6-py3-none-musllinux_1_2_x86_64.whl", hash = "sha256:77cda2dfbac1ab73aef5e514c4cbfc4ec1fbef4b84a44c736cc26f61b3814cd9", size = 11512366, upload-time = "2025-04-17T13:35:45.702Z" },
    { url = "https://files.pythonhosted.org/packages/6f/4c/1cd5a84a412d3626335ae69f5f9de2bb554eea0faf46deb1f0cb48534042/ruff-0.11.6-py3-none-win32.whl", hash = "sha256:5151a871554be3036cd6e51d0ec6eef56334d74dfe1702de717a995ee3d5b287", size = 10485900, upload-time = "2025-04-17T13:35:47.695Z" },
    { url = "https://files.pythonhosted.org/packages/42/46/8997872bc44d43df986491c18d4418f1caff03bc47b7f381261d62c23442/ruff-0.11.6-py3-none-win_amd64.whl", hash = "sha256:cce85721d09c51f3b782c331b0abd07e9d7d5f775840379c640606d3159cae0e", size = 11558592, upload-time = "2025-04-17T13:35:49.837Z" },
    { url = "https://files.pythonhosted.org/packages/d7/6a/65fecd51a9ca19e1477c3879a7fda24f8904174d1275b419422ac00f6eee/ruff-0.11.6-py3-none-win_arm64.whl", hash = "sha256:3567ba0d07fb170b1b48d944715e3294b77f5b7679e8ba258199a250383ccb79", size = 10682766, upload-time = "2025-04-17T13:35:52.014Z" },
]

[[package]]
name = "virtualenv"
version = "20.30.0"
source = { registry = "https://pypi.org/simple" }
dependencies = [
    { name = "distlib" },
    { name = "filelock" },
    { name = "platformdirs" },
]
sdist = { url = "https://files.pythonhosted.org/packages/38/e0/633e369b91bbc664df47dcb5454b6c7cf441e8f5b9d0c250ce9f0546401e/virtualenv-20.30.0.tar.gz", hash = "sha256:800863162bcaa5450a6e4d721049730e7f2dae07720e0902b0e4040bd6f9ada8", size = 4346945, upload-time = "2025-03-31T16:33:29.185Z" }
wheels = [
    { url = "https://files.pythonhosted.org/packages/4c/ed/3cfeb48175f0671ec430ede81f628f9fb2b1084c9064ca67ebe8c0ed6a05/virtualenv-20.30.0-py3-none-any.whl", hash = "sha256:e34302959180fca3af42d1800df014b35019490b119eba981af27f2fa486e5d6", size = 4329461, upload-time = "2025-03-31T16:33:26.758Z" },
]
